
Microsoft Visual Studio Solution File, Format Version 12.00
# Visual Studio 15
VisualStudioVersion = 15.0.28307.705
MinimumVisualStudioVersion = 10.0.40219.1
Project("{FAE04EC0-301F-11D3-BF4B-00C04F79EFBC}") = "CoreApplication1", "CoreApplication1\CoreApplication1.csproj", "{37F965D6-3686-4606-AB73-11354D7AD3F0}"
EndProject
Global
	GlobalSection(SolutionConfigurationPlatforms) = preSolution
		Debug|Any CPU = Debug|Any CPU
		Release|Any CPU = Release|Any CPU
	EndGlobalSection
	GlobalSection(ProjectConfigurationPlatforms) = postSolution
		{37F965D6-3686-4606-AB73-11354D7AD3F0}.Debug|Any CPU.ActiveCfg = Debug|Any CPU
		{37F965D6-3686-4606-AB73-11354D7AD3F0}.Debug|Any CPU.Build.0 = Debug|Any CPU
		{37F965D6-3686-4606-AB73-11354D7AD3F0}.Release|Any CPU.ActiveCfg = Release|Any CPU
		{37F965D6-3686-4606-AB73-11354D7AD3F0}.Release|Any CPU.Build.0 = Release|Any CPU
	EndGlobalSection
	GlobalSection(SolutionProperties) = preSolution
		HideSolutionNode = FALSE
	EndGlobalSection
	GlobalSection(ExtensibilityGlobals) = postSolution
		SolutionGuid = {A290A2AE-BDBA-442E-BA1D-A7A87072E6F9}
	EndGlobalSection
EndGlobal
